
Microsoft Visual Studio Solution File, Format Version 12.00
Project("{FAE04EC0-301F-11D3-BF4B-00C04F79EFBC}") = "Interface", "Interface\Interface.csproj", "{5B177942-0DA2-4C9D-BF5E-D72E32663842}"
EndProject
Global
	GlobalSection(SolutionConfigurationPlatforms) = preSolution
		Debug|Any CPU = Debug|Any CPU
		Release|Any CPU = Release|Any CPU
	EndGlobalSection
	GlobalSection(ProjectConfigurationPlatforms) = postSolution
		{5B177942-0DA2-4C9D-BF5E-D72E32663842}.Debug|Any CPU.ActiveCfg = Debug|Any CPU
		{5B177942-0DA2-4C9D-BF5E-D72E32663842}.Debug|Any CPU.Build.0 = Debug|Any CPU
		{5B177942-0DA2-4C9D-BF5E-D72E32663842}.Release|Any CPU.ActiveCfg = Release|Any CPU
		{5B177942-0DA2-4C9D-BF5E-D72E32663842}.Release|Any CPU.Build.0 = Release|Any CPU
	EndGlobalSection
EndGlobal
